
Microsoft Visual Studio Solution File, Format Version 12.00
# Visual Studio Version 17
VisualStudioVersion = 17.13.35919.96
MinimumVisualStudioVersion = 10.0.40219.1
Project("{FAE04EC0-301F-11D3-BF4B-00C04F79EFBC}") = "Proiect_Netficks", "Proiect_Netficks\Proiect_Netficks.csproj", "{A063F12E-0EBA-47F1-907D-647D7353EEE1}"
EndProject
Global
	GlobalSection(SolutionConfigurationPlatforms) = preSolution
		Debug|Any CPU = Debug|Any CPU
		Release|Any CPU = Release|Any CPU
	EndGlobalSection
	GlobalSection(ProjectConfigurationPlatforms) = postSolution
		{A063F12E-0EBA-47F1-907D-647D7353EEE1}.Debug|Any CPU.ActiveCfg = Debug|Any CPU
		{A063F12E-0EBA-47F1-907D-647D7353EEE1}.Debug|Any CPU.Build.0 = Debug|Any CPU
		{A063F12E-0EBA-47F1-907D-647D7353EEE1}.Release|Any CPU.ActiveCfg = Release|Any CPU
		{A063F12E-0EBA-47F1-907D-647D7353EEE1}.Release|Any CPU.Build.0 = Release|Any CPU
	EndGlobalSection
	GlobalSection(SolutionProperties) = preSolution
		HideSolutionNode = FALSE
	EndGlobalSection
	GlobalSection(ExtensibilityGlobals) = postSolution
		SolutionGuid = {B3D5CF27-0954-441E-A8DC-76BF55788D4B}
	EndGlobalSection
EndGlobal
